
Microsoft Visual Studio Solution File, Format Version 12.00
# Visual Studio 14
VisualStudioVersion = 14.0.25420.1
MinimumVisualStudioVersion = 10.0.40219.1
Project("{2150E333-8FDC-42A3-9474-1A3956D46DE8}") = "src", "src", "{1E740B6F-49AE-471A-BDD5-BE2E42A3071D}"
EndProject
Project("{2150E333-8FDC-42A3-9474-1A3956D46DE8}") = "Solution Items", "Solution Items", "{2BDB92C5-784D-4DA2-9F60-2B5FEC5DBD48}"
	ProjectSection(SolutionItems) = preProject
		global.json = global.json
	EndProjectSection
EndProject
Project("{8BB2217D-0F2D-49D1-97BC-3654ED321F3B}") = "2choix", "src\2choix\2choix.xproj", "{0466442E-A688-4631-996A-A89E15DF1A8C}"
EndProject
Global
	GlobalSection(SolutionConfigurationPlatforms) = preSolution
		Debug|Any CPU = Debug|Any CPU
		Release|Any CPU = Release|Any CPU
	EndGlobalSection
	GlobalSection(ProjectConfigurationPlatforms) = postSolution
		{0466442E-A688-4631-996A-A89E15DF1A8C}.Debug|Any CPU.ActiveCfg = Debug|Any CPU
		{0466442E-A688-4631-996A-A89E15DF1A8C}.Debug|Any CPU.Build.0 = Debug|Any CPU
		{0466442E-A688-4631-996A-A89E15DF1A8C}.Release|Any CPU.ActiveCfg = Release|Any CPU
		{0466442E-A688-4631-996A-A89E15DF1A8C}.Release|Any CPU.Build.0 = Release|Any CPU
	EndGlobalSection
	GlobalSection(SolutionProperties) = preSolution
		HideSolutionNode = FALSE
	EndGlobalSection
	GlobalSection(NestedProjects) = preSolution
		{0466442E-A688-4631-996A-A89E15DF1A8C} = {1E740B6F-49AE-471A-BDD5-BE2E42A3071D}
	EndGlobalSection
EndGlobal
